
Microsoft Visual Studio Solution File, Format Version 12.00
# Visual Studio for Mac
Project("{FAE04EC0-301F-11D3-BF4B-00C04F79EFBC}") = "Assembly-CSharp", "Assembly-CSharp.csproj", "{9D834ADC-577C-7FC2-156F-7B37C3034E77}"
EndProject
Project("{FAE04EC0-301F-11D3-BF4B-00C04F79EFBC}") = "Assembly-CSharp-Editor", "Assembly-CSharp-Editor.csproj", "{3CE7C800-473F-ECF5-1F05-F5863491F113}"
EndProject
Global
	GlobalSection(SolutionConfigurationPlatforms) = preSolution
		Debug|Any CPU = Debug|Any CPU
		Release|Any CPU = Release|Any CPU
	EndGlobalSection
	GlobalSection(ProjectConfigurationPlatforms) = postSolution
		{9D834ADC-577C-7FC2-156F-7B37C3034E77}.Debug|Any CPU.ActiveCfg = Debug|Any CPU
		{9D834ADC-577C-7FC2-156F-7B37C3034E77}.Debug|Any CPU.Build.0 = Debug|Any CPU
		{9D834ADC-577C-7FC2-156F-7B37C3034E77}.Release|Any CPU.ActiveCfg = Release|Any CPU
		{9D834ADC-577C-7FC2-156F-7B37C3034E77}.Release|Any CPU.Build.0 = Release|Any CPU
		{3CE7C800-473F-ECF5-1F05-F5863491F113}.Debug|Any CPU.ActiveCfg = Debug|Any CPU
		{3CE7C800-473F-ECF5-1F05-F5863491F113}.Debug|Any CPU.Build.0 = Debug|Any CPU
		{3CE7C800-473F-ECF5-1F05-F5863491F113}.Release|Any CPU.ActiveCfg = Release|Any CPU
		{3CE7C800-473F-ECF5-1F05-F5863491F113}.Release|Any CPU.Build.0 = Release|Any CPU
	EndGlobalSection
	GlobalSection(SolutionProperties) = preSolution
		HideSolutionNode = FALSE
	EndGlobalSection
EndGlobal
